
Microsoft Visual Studio Solution File, Format Version 12.00
# Visual Studio Version 17
VisualStudioVersion = 17.6.33829.357
MinimumVisualStudioVersion = 10.0.40219.1
Project("{FAE04EC0-301F-11D3-BF4B-00C04F79EFBC}") = "Roberta.Hub", "Roberta.Hub\Roberta.Hub.csproj", "{9CF88177-92B9-4A83-9BB3-03C3250021D0}"
EndProject
Project("{9A19103F-16F7-4668-BE54-9A1E7A4F7556}") = "Roberta", "..\Roberta\Roberta\Roberta.csproj", "{ACBF5D3B-CDA2-4027-9F35-BDA7DB9895C6}"
EndProject
Global
	GlobalSection(SolutionConfigurationPlatforms) = preSolution
		Debug|Any CPU = Debug|Any CPU
		Release|Any CPU = Release|Any CPU
	EndGlobalSection
	GlobalSection(ProjectConfigurationPlatforms) = postSolution
		{9CF88177-92B9-4A83-9BB3-03C3250021D0}.Debug|Any CPU.ActiveCfg = Debug|Any CPU
		{9CF88177-92B9-4A83-9BB3-03C3250021D0}.Debug|Any CPU.Build.0 = Debug|Any CPU
		{9CF88177-92B9-4A83-9BB3-03C3250021D0}.Release|Any CPU.ActiveCfg = Release|Any CPU
		{9CF88177-92B9-4A83-9BB3-03C3250021D0}.Release|Any CPU.Build.0 = Release|Any CPU
		{ACBF5D3B-CDA2-4027-9F35-BDA7DB9895C6}.Debug|Any CPU.ActiveCfg = Debug|Any CPU
		{ACBF5D3B-CDA2-4027-9F35-BDA7DB9895C6}.Debug|Any CPU.Build.0 = Debug|Any CPU
		{ACBF5D3B-CDA2-4027-9F35-BDA7DB9895C6}.Release|Any CPU.ActiveCfg = Release|Any CPU
		{ACBF5D3B-CDA2-4027-9F35-BDA7DB9895C6}.Release|Any CPU.Build.0 = Release|Any CPU
	EndGlobalSection
	GlobalSection(SolutionProperties) = preSolution
		HideSolutionNode = FALSE
	EndGlobalSection
	GlobalSection(ExtensibilityGlobals) = postSolution
		SolutionGuid = {6651C624-C3F4-42D3-ADB2-9165A57F23DF}
	EndGlobalSection
EndGlobal
