
Microsoft Visual Studio Solution File, Format Version 12.00
# Visual Studio Version 17
VisualStudioVersion = 17.0.32602.201
MinimumVisualStudioVersion = 10.0.40219.1
Project("{FAE04EC0-301F-11D3-BF4B-00C04F79EFBC}") = "Roberta", "Roberta\Roberta.csproj", "{139138A6-0E55-474F-8A36-C41A311222D8}"
EndProject
Global
	GlobalSection(SolutionConfigurationPlatforms) = preSolution
		Debug|Any CPU = Debug|Any CPU
		Release|Any CPU = Release|Any CPU
	EndGlobalSection
	GlobalSection(ProjectConfigurationPlatforms) = postSolution
		{139138A6-0E55-474F-8A36-C41A311222D8}.Debug|Any CPU.ActiveCfg = Debug|Any CPU
		{139138A6-0E55-474F-8A36-C41A311222D8}.Debug|Any CPU.Build.0 = Debug|Any CPU
		{139138A6-0E55-474F-8A36-C41A311222D8}.Release|Any CPU.ActiveCfg = Release|Any CPU
		{139138A6-0E55-474F-8A36-C41A311222D8}.Release|Any CPU.Build.0 = Release|Any CPU
	EndGlobalSection
	GlobalSection(SolutionProperties) = preSolution
		HideSolutionNode = FALSE
	EndGlobalSection
	GlobalSection(ExtensibilityGlobals) = postSolution
		SolutionGuid = {7871FAF7-E443-4262-86BA-7F63A49B7692}
	EndGlobalSection
EndGlobal
