
Microsoft Visual Studio Solution File, Format Version 12.00
# Visual Studio Version 17
VisualStudioVersion = 17.0.33801.228
MinimumVisualStudioVersion = 10.0.40219.1
Project("{FAE04EC0-301F-11D3-BF4B-00C04F79EFBC}") = "Roberta.Cli", "Roberta.Cli\Roberta.Cli.csproj", "{8012B6B1-6242-40D5-B8D4-1CC891C75D36}"
EndProject
Project("{9A19103F-16F7-4668-BE54-9A1E7A4F7556}") = "Roberta", "..\Roberta\Roberta\Roberta.csproj", "{0E0ACAE7-CACE-4EDC-9477-185FB5DCBAAB}"
EndProject
Global
	GlobalSection(SolutionConfigurationPlatforms) = preSolution
		Debug|Any CPU = Debug|Any CPU
		Release|Any CPU = Release|Any CPU
	EndGlobalSection
	GlobalSection(ProjectConfigurationPlatforms) = postSolution
		{8012B6B1-6242-40D5-B8D4-1CC891C75D36}.Debug|Any CPU.ActiveCfg = Debug|Any CPU
		{8012B6B1-6242-40D5-B8D4-1CC891C75D36}.Debug|Any CPU.Build.0 = Debug|Any CPU
		{8012B6B1-6242-40D5-B8D4-1CC891C75D36}.Release|Any CPU.ActiveCfg = Release|Any CPU
		{8012B6B1-6242-40D5-B8D4-1CC891C75D36}.Release|Any CPU.Build.0 = Release|Any CPU
		{0E0ACAE7-CACE-4EDC-9477-185FB5DCBAAB}.Debug|Any CPU.ActiveCfg = Debug|Any CPU
		{0E0ACAE7-CACE-4EDC-9477-185FB5DCBAAB}.Debug|Any CPU.Build.0 = Debug|Any CPU
		{0E0ACAE7-CACE-4EDC-9477-185FB5DCBAAB}.Release|Any CPU.ActiveCfg = Release|Any CPU
		{0E0ACAE7-CACE-4EDC-9477-185FB5DCBAAB}.Release|Any CPU.Build.0 = Release|Any CPU
	EndGlobalSection
	GlobalSection(SolutionProperties) = preSolution
		HideSolutionNode = FALSE
	EndGlobalSection
	GlobalSection(ExtensibilityGlobals) = postSolution
		SolutionGuid = {55483BA7-32ED-42D6-888B-1395A70827CF}
	EndGlobalSection
EndGlobal
